
Microsoft Visual Studio Solution File, Format Version 12.00
# Visual Studio Version 17
VisualStudioVersion = 17.3.32811.315
MinimumVisualStudioVersion = 10.0.40219.1
Project("{9A19103F-16F7-4668-BE54-9A1E7A4F7556}") = "BuySubs.BLL", "BuySubs.BLL\BuySubs.BLL.csproj", "{F80EED87-5BE3-4EA2-AC57-9DF9D5F2BF5A}"
EndProject
Project("{9A19103F-16F7-4668-BE54-9A1E7A4F7556}") = "BuySubs.BLL.Interfaces", "BuySubs.BLL.Interfaces\BuySubs.BLL.Interfaces.csproj", "{34C2AFC2-4BB9-4C8C-8ECC-8353078E7EB6}"
EndProject
Project("{9A19103F-16F7-4668-BE54-9A1E7A4F7556}") = "BuySubs.Common", "BuySubs.Common\BuySubs.Common.csproj", "{940A0E15-E5EC-4905-8A18-AB450F5C422A}"
EndProject
Project("{9A19103F-16F7-4668-BE54-9A1E7A4F7556}") = "BuySubs.API", "BuySubs.API\BuySubs.API.csproj", "{5E26F420-066B-41CA-8E2C-826737257AC4}"
EndProject
Project("{9A19103F-16F7-4668-BE54-9A1E7A4F7556}") = "BuySubs.API.CodeGeneration", "BuySubs.API.EndpointsGenerator\BuySubs.API.CodeGeneration.csproj", "{1E0CCD2D-9F5F-4BF6-AE23-B65E973ACA0E}"
EndProject
Project("{9A19103F-16F7-4668-BE54-9A1E7A4F7556}") = "BuySubs.DAL", "BuySubs.DAL\BuySubs.DAL.csproj", "{CC34656D-A650-458E-8CB9-C3C37779D5E2}"
EndProject
Global
	GlobalSection(SolutionConfigurationPlatforms) = preSolution
		Debug|Any CPU = Debug|Any CPU
		Release|Any CPU = Release|Any CPU
	EndGlobalSection
	GlobalSection(ProjectConfigurationPlatforms) = postSolution
		{F80EED87-5BE3-4EA2-AC57-9DF9D5F2BF5A}.Debug|Any CPU.ActiveCfg = Debug|Any CPU
		{F80EED87-5BE3-4EA2-AC57-9DF9D5F2BF5A}.Debug|Any CPU.Build.0 = Debug|Any CPU
		{F80EED87-5BE3-4EA2-AC57-9DF9D5F2BF5A}.Release|Any CPU.ActiveCfg = Release|Any CPU
		{F80EED87-5BE3-4EA2-AC57-9DF9D5F2BF5A}.Release|Any CPU.Build.0 = Release|Any CPU
		{34C2AFC2-4BB9-4C8C-8ECC-8353078E7EB6}.Debug|Any CPU.ActiveCfg = Debug|Any CPU
		{34C2AFC2-4BB9-4C8C-8ECC-8353078E7EB6}.Debug|Any CPU.Build.0 = Debug|Any CPU
		{34C2AFC2-4BB9-4C8C-8ECC-8353078E7EB6}.Release|Any CPU.ActiveCfg = Release|Any CPU
		{34C2AFC2-4BB9-4C8C-8ECC-8353078E7EB6}.Release|Any CPU.Build.0 = Release|Any CPU
		{940A0E15-E5EC-4905-8A18-AB450F5C422A}.Debug|Any CPU.ActiveCfg = Debug|Any CPU
		{940A0E15-E5EC-4905-8A18-AB450F5C422A}.Debug|Any CPU.Build.0 = Debug|Any CPU
		{940A0E15-E5EC-4905-8A18-AB450F5C422A}.Release|Any CPU.ActiveCfg = Release|Any CPU
		{940A0E15-E5EC-4905-8A18-AB450F5C422A}.Release|Any CPU.Build.0 = Release|Any CPU
		{5E26F420-066B-41CA-8E2C-826737257AC4}.Debug|Any CPU.ActiveCfg = Debug|Any CPU
		{5E26F420-066B-41CA-8E2C-826737257AC4}.Debug|Any CPU.Build.0 = Debug|Any CPU
		{5E26F420-066B-41CA-8E2C-826737257AC4}.Release|Any CPU.ActiveCfg = Release|Any CPU
		{5E26F420-066B-41CA-8E2C-826737257AC4}.Release|Any CPU.Build.0 = Release|Any CPU
		{1E0CCD2D-9F5F-4BF6-AE23-B65E973ACA0E}.Debug|Any CPU.ActiveCfg = Debug|Any CPU
		{1E0CCD2D-9F5F-4BF6-AE23-B65E973ACA0E}.Debug|Any CPU.Build.0 = Debug|Any CPU
		{1E0CCD2D-9F5F-4BF6-AE23-B65E973ACA0E}.Release|Any CPU.ActiveCfg = Release|Any CPU
		{1E0CCD2D-9F5F-4BF6-AE23-B65E973ACA0E}.Release|Any CPU.Build.0 = Release|Any CPU
		{CC34656D-A650-458E-8CB9-C3C37779D5E2}.Debug|Any CPU.ActiveCfg = Debug|Any CPU
		{CC34656D-A650-458E-8CB9-C3C37779D5E2}.Debug|Any CPU.Build.0 = Debug|Any CPU
		{CC34656D-A650-458E-8CB9-C3C37779D5E2}.Release|Any CPU.ActiveCfg = Release|Any CPU
		{CC34656D-A650-458E-8CB9-C3C37779D5E2}.Release|Any CPU.Build.0 = Release|Any CPU
	EndGlobalSection
	GlobalSection(SolutionProperties) = preSolution
		HideSolutionNode = FALSE
	EndGlobalSection
	GlobalSection(ExtensibilityGlobals) = postSolution
		SolutionGuid = {0C75727A-20D2-4DA0-AF2E-90953A0DA3AA}
	EndGlobalSection
EndGlobal
